// !$*UTF8*$!
{
	archiveVersion = 1;
	classes = {
	};
	objectVersion = 46;
	objects = {

/* Begin PBXBuildFile section */
		7C403BFB19997D2400B51A85 /* Foundation.framework in Frameworks */ = {isa = PBXBuildFile; fileRef = 7C403BFA19997D2400B51A85 /* Foundation.framework */; };
		7C403BFD19997D2400B51A85 /* CoreGraphics.framework in Frameworks */ = {isa = PBXBuildFile; fileRef = 7C403BFC19997D2400B51A85 /* CoreGraphics.framework */; };
		7C403BFF19997D2400B51A85 /* UIKit.framework in Frameworks */ = {isa = PBXBuildFile; fileRef = 7C403BFE19997D2400B51A85 /* UIKit.framework */; };
		7C403C0519997D2400B51A85 /* InfoPlist.strings in Resources */ = {isa = PBXBuildFile; fileRef = 7C403C0319997D2400B51A85 /* InfoPlist.strings */; };
		7C403C0719997D2400B51A85 /* main.m in Sources */ = {isa = PBXBuildFile; fileRef = 7C403C0619997D2400B51A85 /* main.m */; };
		7C403C0B19997D2400B51A85 /* GAAppDelegate.m in Sources */ = {isa = PBXBuildFile; fileRef = 7C403C0A19997D2400B51A85 /* GAAppDelegate.m */; };
		7C403C0E19997D2400B51A85 /* Main.storyboard in Resources */ = {isa = PBXBuildFile; fileRef = 7C403C0C19997D2400B51A85 /* Main.storyboard */; };
		7C403C1119997D2400B51A85 /* GAViewController.m in Sources */ = {isa = PBXBuildFile; fileRef = 7C403C1019997D2400B51A85 /* GAViewController.m */; };
		7C403C1319997D2400B51A85 /* Images.xcassets in Resources */ = {isa = PBXBuildFile; fileRef = 7C403C1219997D2400B51A85 /* Images.xcassets */; };
		7C403C1A19997D2400B51A85 /* XCTest.framework in Frameworks */ = {isa = PBXBuildFile; fileRef = 7C403C1919997D2400B51A85 /* XCTest.framework */; };
		7C403C1B19997D2400B51A85 /* Foundation.framework in Frameworks */ = {isa = PBXBuildFile; fileRef = 7C403BFA19997D2400B51A85 /* Foundation.framework */; };
		7C403C1C19997D2400B51A85 /* UIKit.framework in Frameworks */ = {isa = PBXBuildFile; fileRef = 7C403BFE19997D2400B51A85 /* UIKit.framework */; };
		7C403C2419997D2400B51A85 /* InfoPlist.strings in Resources */ = {isa = PBXBuildFile; fileRef = 7C403C2219997D2400B51A85 /* InfoPlist.strings */; };
		7C403C2619997D2400B51A85 /* CameraViewTests.m in Sources */ = {isa = PBXBuildFile; fileRef = 7C403C2519997D2400B51A85 /* CameraViewTests.m */; };
/* End PBXBuildFile section */

/* Begin PBXContainerItemProxy section */
		7C403C1D19997D2400B51A85 /* PBXContainerItemProxy */ = {
			isa = PBXContainerItemProxy;
			containerPortal = 7C403BEF19997D2400B51A85 /* Project object */;
			proxyType = 1;
			remoteGlobalIDString = 7C403BF619997D2400B51A85;
			remoteInfo = CameraView;
		};
/* End PBXContainerItemProxy section */

/* Begin PBXFileReference section */
		7C403BF719997D2400B51A85 /* CameraView.app */ = {isa = PBXFileReference; explicitFileType = wrapper.application; includeInIndex = 0; path = CameraView.app; sourceTree = BUILT_PRODUCTS_DIR; };
		7C403BFA19997D2400B51A85 /* Foundation.framework */ = {isa = PBXFileReference; lastKnownFileType = wrapper.framework; name = Foundation.framework; path = System/Library/Frameworks/Foundation.framework; sourceTree = SDKROOT; };
		7C403BFC19997D2400B51A85 /* CoreGraphics.framework */ = {isa = PBXFileReference; lastKnownFileType = wrapper.framework; name = CoreGraphics.framework; path = System/Library/Frameworks/CoreGraphics.framework; sourceTree = SDKROOT; };
		7C403BFE19997D2400B51A85 /* UIKit.framework */ = {isa = PBXFileReference; lastKnownFileType = wrapper.framework; name = UIKit.framework; path = System/Library/Frameworks/UIKit.framework; sourceTree = SDKROOT; };
		7C403C0219997D2400B51A85 /* CameraView-Info.plist */ = {isa = PBXFileReference; lastKnownFileType = text.plist.xml; path = "CameraView-Info.plist"; sourceTree = "<group>"; };
		7C403C0419997D2400B51A85 /* en */ = {isa = PBXFileReference; lastKnownFileType = text.plist.strings; name = en; path = en.lproj/InfoPlist.strings; sourceTree = "<group>"; };
		7C403C0619997D2400B51A85 /* main.m */ = {isa = PBXFileReference; lastKnownFileType = sourcecode.c.objc; path = main.m; sourceTree = "<group>"; };
		7C403C0819997D2400B51A85 /* CameraView-Prefix.pch */ = {isa = PBXFileReference; lastKnownFileType = sourcecode.c.h; path = "CameraView-Prefix.pch"; sourceTree = "<group>"; };
		7C403C0919997D2400B51A85 /* GAAppDelegate.h */ = {isa = PBXFileReference; lastKnownFileType = sourcecode.c.h; path = GAAppDelegate.h; sourceTree = "<group>"; };
		7C403C0A19997D2400B51A85 /* GAAppDelegate.m */ = {isa = PBXFileReference; lastKnownFileType = sourcecode.c.objc; path = GAAppDelegate.m; sourceTree = "<group>"; };
		7C403C0D19997D2400B51A85 /* Base */ = {isa = PBXFileReference; lastKnownFileType = file.storyboard; name = Base; path = Base.lproj/Main.storyboard; sourceTree = "<group>"; };
		7C403C0F19997D2400B51A85 /* GAViewController.h */ = {isa = PBXFileReference; lastKnownFileType = sourcecode.c.h; path = GAViewController.h; sourceTree = "<group>"; };
		7C403C1019997D2400B51A85 /* GAViewController.m */ = {isa = PBXFileReference; lastKnownFileType = sourcecode.c.objc; path = GAViewController.m; sourceTree = "<group>"; };
		7C403C1219997D2400B51A85 /* Images.xcassets */ = {isa = PBXFileReference; lastKnownFileType = folder.assetcatalog; path = Images.xcassets; sourceTree = "<group>"; };
		7C403C1819997D2400B51A85 /* CameraViewTests.xctest */ = {isa = PBXFileReference; explicitFileType = wrapper.cfbundle; includeInIndex = 0; path = CameraViewTests.xctest; sourceTree = BUILT_PRODUCTS_DIR; };
		7C403C1919997D2400B51A85 /* XCTest.framework */ = {isa = PBXFileReference; lastKnownFileType = wrapper.framework; name = XCTest.framework; path = Library/Frameworks/XCTest.framework; sourceTree = DEVELOPER_DIR; };
		7C403C2119997D2400B51A85 /* CameraViewTests-Info.plist */ = {isa = PBXFileReference; lastKnownFileType = text.plist.xml; path = "CameraViewTests-Info.plist"; sourceTree = "<group>"; };
		7C403C2319997D2400B51A85 /* en */ = {isa = PBXFileReference; lastKnownFileType = text.plist.strings; name = en; path = en.lproj/InfoPlist.strings; sourceTree = "<group>"; };
		7C403C2519997D2400B51A85 /* CameraViewTests.m */ = {isa = PBXFileReference; lastKnownFileType = sourcecode.c.objc; path = CameraViewTests.m; sourceTree = "<group>"; };
/* End PBXFileReference section */

/* Begin PBXFrameworksBuildPhase section */
		7C403BF419997D2400B51A85 /* Frameworks */ = {
			isa = PBXFrameworksBuildPhase;
			buildActionMask = 2147483647;
			files = (
				7C403BFD19997D2400B51A85 /* CoreGraphics.framework in Frameworks */,
				7C403BFF19997D2400B51A85 /* UIKit.framework in Frameworks */,
				7C403BFB19997D2400B51A85 /* Foundation.framework in Frameworks */,
			);
			runOnlyForDeploymentPostprocessing = 0;
		};
		7C403C1519997D2400B51A85 /* Frameworks */ = {
			isa = PBXFrameworksBuildPhase;
			buildActionMask = 2147483647;
			files = (
				7C403C1A19997D2400B51A85 /* XCTest.framework in Frameworks */,
				7C403C1C19997D2400B51A85 /* UIKit.framework in Frameworks */,
				7C403C1B19997D2400B51A85 /* Foundation.framework in Frameworks */,
			);
			runOnlyForDeploymentPostprocessing = 0;
		};
/* End PBXFrameworksBuildPhase section */

/* Begin PBXGroup section */
		7C403BEE19997D2400B51A85 = {
			isa = PBXGroup;
			children = (
				7C403C0019997D2400B51A85 /* CameraView */,
				7C403C1F19997D2400B51A85 /* CameraViewTests */,
				7C403BF919997D2400B51A85 /* Frameworks */,
				7C403BF819997D2400B51A85 /* Products */,
			);
			sourceTree = "<group>";
		};
		7C403BF819997D2400B51A85 /* Products */ = {
			isa = PBXGroup;
			children = (
				7C403BF719997D2400B51A85 /* CameraView.app */,
				7C403C1819997D2400B51A85 /* CameraViewTests.xctest */,
			);
			name = Products;
			sourceTree = "<group>";
		};
		7C403BF919997D2400B51A85 /* Frameworks */ = {
			isa = PBXGroup;
			children = (
				7C403BFA19997D2400B51A85 /* Foundation.framework */,
				7C403BFC19997D2400B51A85 /* CoreGraphics.framework */,
				7C403BFE19997D2400B51A85 /* UIKit.framework */,
				7C403C1919997D2400B51A85 /* XCTest.framework */,
			);
			name = Frameworks;
			sourceTree = "<group>";
		};
		7C403C0019997D2400B51A85 /* CameraView */ = {
			isa = PBXGroup;
			children = (
				7C403C0919997D2400B51A85 /* GAAppDelegate.h */,
				7C403C0A19997D2400B51A85 /* GAAppDelegate.m */,
				7C403C0C19997D2400B51A85 /* Main.storyboard */,
				7C403C0F19997D2400B51A85 /* GAViewController.h */,
				7C403C1019997D2400B51A85 /* GAViewController.m */,
				7C403C1219997D2400B51A85 /* Images.xcassets */,
				7C403C0119997D2400B51A85 /* Supporting Files */,
			);
			path = CameraView;
			sourceTree = "<group>";
		};
		7C403C0119997D2400B51A85 /* Supporting Files */ = {
			isa = PBXGroup;
			children = (
				7C403C0219997D2400B51A85 /* CameraView-Info.plist */,
				7C403C0319997D2400B51A85 /* InfoPlist.strings */,
				7C403C0619997D2400B51A85 /* main.m */,
				7C403C0819997D2400B51A85 /* CameraView-Prefix.pch */,
			);
			name = "Supporting Files";
			sourceTree = "<group>";
		};
		7C403C1F19997D2400B51A85 /* CameraViewTests */ = {
			isa = PBXGroup;
			children = (
				7C403C2519997D2400B51A85 /* CameraViewTests.m */,
				7C403C2019997D2400B51A85 /* Supporting Files */,
			);
			path = CameraViewTests;
			sourceTree = "<group>";
		};
		7C403C2019997D2400B51A85 /* Supporting Files */ = {
			isa = PBXGroup;
			children = (
				7C403C2119997D2400B51A85 /* CameraViewTests-Info.plist */,
				7C403C2219997D2400B51A85 /* InfoPlist.strings */,
			);
			name = "Supporting Files";
			sourceTree = "<group>";
		};
/* End PBXGroup section */

/* Begin PBXNativeTarget section */
		7C403BF619997D2400B51A85 /* CameraView */ = {
			isa = PBXNativeTarget;
			buildConfigurationList = 7C403C2919997D2400B51A85 /* Build configuration list for PBXNativeTarget "CameraView" */;
			buildPhases = (
				7C403BF319997D2400B51A85 /* Sources */,
				7C403BF419997D2400B51A85 /* Frameworks */,
				7C403BF519997D2400B51A85 /* Resources */,
			);
			buildRules = (
			);
			dependencies = (
			);
			name = CameraView;
			productName = CameraView;
			productReference = 7C403BF719997D2400B51A85 /* CameraView.app */;
			productType = "com.apple.product-type.application";
		};
		7C403C1719997D2400B51A85 /* CameraViewTests */ = {
			isa = PBXNativeTarget;
			buildConfigurationList = 7C403C2C19997D2400B51A85 /* Build configuration list for PBXNativeTarget "CameraViewTests" */;
			buildPhases = (
				7C403C1419997D2400B51A85 /* Sources */,
				7C403C1519997D2400B51A85 /* Frameworks */,
				7C403C1619997D2400B51A85 /* Resources */,
			);
			buildRules = (
			);
			dependencies = (
				7C403C1E19997D2400B51A85 /* PBXTargetDependency */,
			);
			name = CameraViewTests;
			productName = CameraViewTests;
			productReference = 7C403C1819997D2400B51A85 /* CameraViewTests.xctest */;
			productType = "com.apple.product-type.bundle.unit-test";
		};
/* End PBXNativeTarget section */

/* Begin PBXProject section */
		7C403BEF19997D2400B51A85 /* Project object */ = {
			isa = PBXProject;
			attributes = {
				CLASSPREFIX = GA;
				LastUpgradeCheck = 0510;
				ORGANIZATIONNAME = "Garima Agarwal";
				TargetAttributes = {
					7C403C1719997D2400B51A85 = {
						TestTargetID = 7C403BF619997D2400B51A85;
					};
				};
			};
			buildConfigurationList = 7C403BF219997D2400B51A85 /* Build configuration list for PBXProject "CameraView" */;
			compatibilityVersion = "Xcode 3.2";
			developmentRegion = English;
			hasScannedForEncodings = 0;
			knownRegions = (
				en,
				Base,
			);
			mainGroup = 7C403BEE19997D2400B51A85;
			productRefGroup = 7C403BF819997D2400B51A85 /* Products */;
			projectDirPath = "";
			projectRoot = "";
			targets = (
				7C403BF619997D2400B51A85 /* CameraView */,
				7C403C1719997D2400B51A85 /* CameraViewTests */,
			);
		};
/* End PBXProject section */

/* Begin PBXResourcesBuildPhase section */
		7C403BF519997D2400B51A85 /* Resources */ = {
			isa = PBXResourcesBuildPhase;
			buildActionMask = 2147483647;
			files = (
				7C403C1319997D2400B51A85 /* Images.xcassets in Resources */,
				7C403C0519997D2400B51A85 /* InfoPlist.strings in Resources */,
				7C403C0E19997D2400B51A85 /* Main.storyboard in Resources */,
			);
			runOnlyForDeploymentPostprocessing = 0;
		};
		7C403C1619997D2400B51A85 /* Resources */ = {
			isa = PBXResourcesBuildPhase;
			buildActionMask = 2147483647;
			files = (
				7C403C2419997D2400B51A85 /* InfoPlist.strings in Resources */,
			);
			runOnlyForDeploymentPostprocessing = 0;
		};
/* End PBXResourcesBuildPhase section */

/* Begin PBXSourcesBuildPhase section */
		7C403BF319997D2400B51A85 /* Sources */ = {
			isa = PBXSourcesBuildPhase;
			buildActionMask = 2147483647;
			files = (
				7C403C0B19997D2400B51A85 /* GAAppDelegate.m in Sources */,
				7C403C1119997D2400B51A85 /* GAViewController.m in Sources */,
				7C403C0719997D2400B51A85 /* main.m in Sources */,
			);
			runOnlyForDeploymentPostprocessing = 0;
		};
		7C403C1419997D2400B51A85 /* Sources */ = {
			isa = PBXSourcesBuildPhase;
			buildActionMask = 2147483647;
			files = (
				7C403C2619997D2400B51A85 /* CameraViewTests.m in Sources */,
			);
			runOnlyForDeploymentPostprocessing = 0;
		};
/* End PBXSourcesBuildPhase section */

/* Begin PBXTargetDependency section */
		7C403C1E19997D2400B51A85 /* PBXTargetDependency */ = {
			isa = PBXTargetDependency;
			target = 7C403BF619997D2400B51A85 /* CameraView */;
			targetProxy = 7C403C1D19997D2400B51A85 /* PBXContainerItemProxy */;
		};
/* End PBXTargetDependency section */

/* Begin PBXVariantGroup section */
		7C403C0319997D2400B51A85 /* InfoPlist.strings */ = {
			isa = PBXVariantGroup;
			children = (
				7C403C0419997D2400B51A85 /* en */,
			);
			name = InfoPlist.strings;
			sourceTree = "<group>";
		};
		7C403C0C19997D2400B51A85 /* Main.storyboard */ = {
			isa = PBXVariantGroup;
			children = (
				7C403C0D19997D2400B51A85 /* Base */,
			);
			name = Main.storyboard;
			sourceTree = "<group>";
		};
		7C403C2219997D2400B51A85 /* InfoPlist.strings */ = {
			isa = PBXVariantGroup;
			children = (
				7C403C2319997D2400B51A85 /* en */,
			);
			name = InfoPlist.strings;
			sourceTree = "<group>";
		};
/* End PBXVariantGroup section */

/* Begin XCBuildConfiguration section */
		7C403C2719997D2400B51A85 /* Debug */ = {
			isa = XCBuildConfiguration;
			buildSettings = {
				ALWAYS_SEARCH_USER_PATHS = NO;
				CLANG_CXX_LANGUAGE_STANDARD = "gnu++0x";
				CLANG_CXX_LIBRARY = "libc++";
				CLANG_ENABLE_MODULES = YES;
				CLANG_ENABLE_OBJC_ARC = YES;
				CLANG_WARN_BOOL_CONVERSION = YES;
				CLANG_WARN_CONSTANT_CONVERSION = YES;
				CLANG_WARN_DIRECT_OBJC_ISA_USAGE = YES_ERROR;
				CLANG_WARN_EMPTY_BODY = YES;
				CLANG_WARN_ENUM_CONVERSION = YES;
				CLANG_WARN_INT_CONVERSION = YES;
				CLANG_WARN_OBJC_ROOT_CLASS = YES_ERROR;
				CLANG_WARN__DUPLICATE_METHOD_MATCH = YES;
				"CODE_SIGN_IDENTITY[sdk=iphoneos*]" = "iPhone Developer";
				COPY_PHASE_STRIP = NO;
				GCC_C_LANGUAGE_STANDARD = gnu99;
				GCC_DYNAMIC_NO_PIC = NO;
				GCC_OPTIMIZATION_LEVEL = 0;
				GCC_PREPROCESSOR_DEFINITIONS = (
					"DEBUG=1",
					"$(inherited)",
				);
				GCC_SYMBOLS_PRIVATE_EXTERN = NO;
				GCC_WARN_64_TO_32_BIT_CONVERSION = YES;
				GCC_WARN_ABOUT_RETURN_TYPE = YES_ERROR;
				GCC_WARN_UNDECLARED_SELECTOR = YES;
				GCC_WARN_UNINITIALIZED_AUTOS = YES_AGGRESSIVE;
				GCC_WARN_UNUSED_FUNCTION = YES;
				GCC_WARN_UNUSED_VARIABLE = YES;
				IPHONEOS_DEPLOYMENT_TARGET = 7.1;
				ONLY_ACTIVE_ARCH = YES;
				SDKROOT = iphoneos;
			};
			name = Debug;
		};
		7C403C2819997D2400B51A85 /* Release */ = {
			isa = XCBuildConfiguration;
			buildSettings = {
				ALWAYS_SEARCH_USER_PATHS = NO;
				CLANG_CXX_LANGUAGE_STANDARD = "gnu++0x";
				CLANG_CXX_LIBRARY = "libc++";
				CLANG_ENABLE_MODULES = YES;
				CLANG_ENABLE_OBJC_ARC = YES;
				CLANG_WARN_BOOL_CONVERSION = YES;
				CLANG_WARN_CONSTANT_CONVERSION = YES;
				CLANG_WARN_DIRECT_OBJC_ISA_USAGE = YES_ERROR;
				CLANG_WARN_EMPTY_BODY = YES;
				CLANG_WARN_ENUM_CONVERSION = YES;
				CLANG_WARN_INT_CONVERSION = YES;
				CLANG_WARN_OBJC_ROOT_CLASS = YES_ERROR;
				CLANG_WARN__DUPLICATE_METHOD_MATCH = YES;
				"CODE_SIGN_IDENTITY[sdk=iphoneos*]" = "iPhone Developer";
				COPY_PHASE_STRIP = YES;
				ENABLE_NS_ASSERTIONS = NO;
				GCC_C_LANGUAGE_STANDARD = gnu99;
				GCC_WARN_64_TO_32_BIT_CONVERSION = YES;
				GCC_WARN_ABOUT_RETURN_TYPE = YES_ERROR;
				GCC_WARN_UNDECLARED_SELECTOR = YES;
				GCC_WARN_UNINITIALIZED_AUTOS = YES_AGGRESSIVE;
				GCC_WARN_UNUSED_FUNCTION = YES;
				GCC_WARN_UNUSED_VARIABLE = YES;
				IPHONEOS_DEPLOYMENT_TARGET = 7.1;
				SDKROOT = iphoneos;
				VALIDATE_PRODUCT = YES;
			};
			name = Release;
		};
		7C403C2A19997D2400B51A85 /* Debug */ = {
			isa = XCBuildConfiguration;
			buildSettings = {
				ASSETCATALOG_COMPILER_APPICON_NAME = AppIcon;
				ASSETCATALOG_COMPILER_LAUNCHIMAGE_NAME = LaunchImage;
				GCC_PRECOMPILE_PREFIX_HEADER = YES;
				GCC_PREFIX_HEADER = "CameraView/CameraView-Prefix.pch";
				INFOPLIST_FILE = "CameraView/CameraView-Info.plist";
				PRODUCT_NAME = "$(TARGET_NAME)";
				WRAPPER_EXTENSION = app;
			};
			name = Debug;
		};
		7C403C2B19997D2400B51A85 /* Release */ = {
			isa = XCBuildConfiguration;
			buildSettings = {
				ASSETCATALOG_COMPILER_APPICON_NAME = AppIcon;
				ASSETCATALOG_COMPILER_LAUNCHIMAGE_NAME = LaunchImage;
				GCC_PRECOMPILE_PREFIX_HEADER = YES;
				GCC_PREFIX_HEADER = "CameraView/CameraView-Prefix.pch";
				INFOPLIST_FILE = "CameraView/CameraView-Info.plist";
				PRODUCT_NAME = "$(TARGET_NAME)";
				WRAPPER_EXTENSION = app;
			};
			name = Release;
		};
		7C403C2D19997D2400B51A85 /* Debug */ = {
			isa = XCBuildConfiguration;
			buildSettings = {
				BUNDLE_LOADER = "$(BUILT_PRODUCTS_DIR)/CameraView.app/CameraView";
				FRAMEWORK_SEARCH_PATHS = (
					"$(SDKROOT)/Developer/Library/Frameworks",
					"$(inherited)",
					"$(DEVELOPER_FRAMEWORKS_DIR)",
				);
				GCC_PRECOMPILE_PREFIX_HEADER = YES;
				GCC_PREFIX_HEADER = "CameraView/CameraView-Prefix.pch";
				GCC_PREPROCESSOR_DEFINITIONS = (
					"DEBUG=1",
					"$(inherited)",
				);
				INFOPLIST_FILE = "CameraViewTests/CameraViewTests-Info.plist";
				PRODUCT_NAME = "$(TARGET_NAME)";
				TEST_HOST = "$(BUNDLE_LOADER)";
				WRAPPER_EXTENSION = xctest;
			};
			name = Debug;
		};
		7C403C2E19997D2400B51A85 /* Release */ = {
			isa = XCBuildConfiguration;
			buildSettings = {
				BUNDLE_LOADER = "$(BUILT_PRODUCTS_DIR)/CameraView.app/CameraView";
				FRAMEWORK_SEARCH_PATHS = (
					"$(SDKROOT)/Developer/Library/Frameworks",
					"$(inherited)",
					"$(DEVELOPER_FRAMEWORKS_DIR)",
				);
				GCC_PRECOMPILE_PREFIX_HEADER = YES;
				GCC_PREFIX_HEADER = "CameraView/CameraView-Prefix.pch";
				INFOPLIST_FILE = "CameraViewTests/CameraViewTests-Info.plist";
				PRODUCT_NAME = "$(TARGET_NAME)";
				TEST_HOST = "$(BUNDLE_LOADER)";
				WRAPPER_EXTENSION = xctest;
			};
			name = Release;
		};
/* End XCBuildConfiguration section */

/* Begin XCConfigurationList section */
		7C403BF219997D2400B51A85 /* Build configuration list for PBXProject "CameraView" */ = {
			isa = XCConfigurationList;
			buildConfigurations = (
				7C403C2719997D2400B51A85 /* Debug */,
				7C403C2819997D2400B51A85 /* Release */,
			);
			defaultConfigurationIsVisible = 0;
			defaultConfigurationName = Release;
		};
		7C403C2919997D2400B51A85 /* Build configuration list for PBXNativeTarget "CameraView" */ = {
			isa = XCConfigurationList;
			buildConfigurations = (
				7C403C2A19997D2400B51A85 /* Debug */,
				7C403C2B19997D2400B51A85 /* Release */,
			);
			defaultConfigurationIsVisible = 0;
		};
		7C403C2C19997D2400B51A85 /* Build configuration list for PBXNativeTarget "CameraViewTests" */ = {
			isa = XCConfigurationList;
			buildConfigurations = (
				7C403C2D19997D2400B51A85 /* Debug */,
				7C403C2E19997D2400B51A85 /* Release */,
			);
			defaultConfigurationIsVisible = 0;
		};
/* End XCConfigurationList section */
	};
	rootObject = 7C403BEF19997D2400B51A85 /* Project object */;
}
